
Microsoft Visual Studio Solution File, Format Version 12.00
# Visual Studio Version 17
VisualStudioVersion = 17.3.32825.248
MinimumVisualStudioVersion = 10.0.40219.1
Project("{FAE04EC0-301F-11D3-BF4B-00C04F79EFBC}") = "kap2.uppgfit2.12", "kap2.uppgfit2.12\kap2.uppgfit2.12.csproj", "{01C61A85-CB31-4A8F-A662-55EA42CAE816}"
EndProject
Global
	GlobalSection(SolutionConfigurationPlatforms) = preSolution
		Debug|Any CPU = Debug|Any CPU
		Release|Any CPU = Release|Any CPU
	EndGlobalSection
	GlobalSection(ProjectConfigurationPlatforms) = postSolution
		{01C61A85-CB31-4A8F-A662-55EA42CAE816}.Debug|Any CPU.ActiveCfg = Debug|Any CPU
		{01C61A85-CB31-4A8F-A662-55EA42CAE816}.Debug|Any CPU.Build.0 = Debug|Any CPU
		{01C61A85-CB31-4A8F-A662-55EA42CAE816}.Release|Any CPU.ActiveCfg = Release|Any CPU
		{01C61A85-CB31-4A8F-A662-55EA42CAE816}.Release|Any CPU.Build.0 = Release|Any CPU
	EndGlobalSection
	GlobalSection(SolutionProperties) = preSolution
		HideSolutionNode = FALSE
	EndGlobalSection
	GlobalSection(ExtensibilityGlobals) = postSolution
		SolutionGuid = {AD181603-ECA0-4B6F-B618-EA6ADB17DF39}
	EndGlobalSection
EndGlobal
